{
  "requires": true,
  "lockfileVersion": 1,
  "dependencies": {
    "cytoscape": {
      "version": "3.19.0",
      "resolved": "https://registry.npmjs.org/cytoscape/-/cytoscape-3.19.0.tgz",
      "integrity": "sha512-DANM8bM4EuSTS3DraPK0nLSmzANrzQ2g/cb3u5Biexu/NVsJA+xAoXVvWHRIHDXz3y0gpMjTPv3Z13ZbkNrEPw==",
      "requires": {
        "heap": "^0.2.6",
        "lodash.debounce": "^4.0.8"
      }
    },
    "cytoscape-automove": {
      "version": "1.10.2",
      "resolved": "https://registry.npmjs.org/cytoscape-automove/-/cytoscape-automove-1.10.2.tgz",
      "integrity": "sha512-GzRJnh5ozbvH+54oQu9nMHEdzf1nJ/dloFZf8P1PwSHVfnWc96Kp4lm9+dQK+33/eQgyZKUhul++Wh3qyIP6UQ=="
    },
    "heap": {
      "version": "0.2.6",
      "resolved": "https://registry.npmjs.org/heap/-/heap-0.2.6.tgz",
      "integrity": "sha1-CH4fELBGky/IWU3Z5tN4r8nR5aw="
    },
    "jquery": {
      "version": "3.6.0",
      "resolved": "https://registry.npmjs.org/jquery/-/jquery-3.6.0.tgz",
      "integrity": "sha512-JVzAR/AjBvVt2BmYhxRCSYysDsPcssdmTFnzyLEts9qNwmjmu4JTAMYubEfwVOSwpQ1I1sKKFcxhZCI2buerfw=="
    },
    "lodash.debounce": {
      "version": "4.0.8",
      "resolved": "https://registry.npmjs.org/lodash.debounce/-/lodash.debounce-4.0.8.tgz",
      "integrity": "sha1-gteb/zCmfEAF/9XiUVMArZyk168="
    }
  }
}
